
Microsoft Visual Studio Solution File, Format Version 12.00
# Visual Studio Version 16
VisualStudioVersion = 16.0.30907.101
MinimumVisualStudioVersion = 10.0.40219.1
Project("{FAE04EC0-301F-11D3-BF4B-00C04F79EFBC}") = "CampIntro", "CampIntro\CampIntro.csproj", "{98067E6C-805F-4E32-A446-B19FB659C328}"
EndProject
Project("{FAE04EC0-301F-11D3-BF4B-00C04F79EFBC}") = "OOP2", "OOP2\OOP2.csproj", "{0AAB277D-4979-49DD-84E8-8D3000C8D6A9}"
EndProject
Project("{FAE04EC0-301F-11D3-BF4B-00C04F79EFBC}") = "OOP3", "OOP3\OOP3.csproj", "{3205DC89-6D2E-4E75-B1E4-7F61EAC1D38C}"
EndProject
Global
	GlobalSection(SolutionConfigurationPlatforms) = preSolution
		Debug|Any CPU = Debug|Any CPU
		Release|Any CPU = Release|Any CPU
	EndGlobalSection
	GlobalSection(ProjectConfigurationPlatforms) = postSolution
		{98067E6C-805F-4E32-A446-B19FB659C328}.Debug|Any CPU.ActiveCfg = Debug|Any CPU
		{98067E6C-805F-4E32-A446-B19FB659C328}.Debug|Any CPU.Build.0 = Debug|Any CPU
		{98067E6C-805F-4E32-A446-B19FB659C328}.Release|Any CPU.ActiveCfg = Release|Any CPU
		{98067E6C-805F-4E32-A446-B19FB659C328}.Release|Any CPU.Build.0 = Release|Any CPU
		{0AAB277D-4979-49DD-84E8-8D3000C8D6A9}.Debug|Any CPU.ActiveCfg = Debug|Any CPU
		{0AAB277D-4979-49DD-84E8-8D3000C8D6A9}.Debug|Any CPU.Build.0 = Debug|Any CPU
		{0AAB277D-4979-49DD-84E8-8D3000C8D6A9}.Release|Any CPU.ActiveCfg = Release|Any CPU
		{0AAB277D-4979-49DD-84E8-8D3000C8D6A9}.Release|Any CPU.Build.0 = Release|Any CPU
		{3205DC89-6D2E-4E75-B1E4-7F61EAC1D38C}.Debug|Any CPU.ActiveCfg = Debug|Any CPU
		{3205DC89-6D2E-4E75-B1E4-7F61EAC1D38C}.Debug|Any CPU.Build.0 = Debug|Any CPU
		{3205DC89-6D2E-4E75-B1E4-7F61EAC1D38C}.Release|Any CPU.ActiveCfg = Release|Any CPU
		{3205DC89-6D2E-4E75-B1E4-7F61EAC1D38C}.Release|Any CPU.Build.0 = Release|Any CPU
	EndGlobalSection
	GlobalSection(SolutionProperties) = preSolution
		HideSolutionNode = FALSE
	EndGlobalSection
	GlobalSection(ExtensibilityGlobals) = postSolution
		SolutionGuid = {4183AFBD-D40C-483B-9ADE-70711E71E35A}
	EndGlobalSection
EndGlobal
